PODS:
  - FlutterMacOS (1.0.0)
  - rust_lib_madedit2 (0.0.1):
    - FlutterMacOS

DEPENDENCIES:
  - FlutterMacOS (from `Flutter/ephemeral`)
  - rust_lib_madedit2 (from `Flutter/ephemeral/.symlinks/plugins/rust_lib_madedit2/macos`)

EXTERNAL SOURCES:
  FlutterMacOS:
    :path: Flutter/ephemeral
  rust_lib_madedit2:
    :path: Flutter/ephemeral/.symlinks/plugins/rust_lib_madedit2/macos

SPEC CHECKSUMS:
  FlutterMacOS: c232990155153907050900a2e175c7773903ba4e
  rust_lib_madedit2: 3ca7e2710da1f81662ad4e0c8caf440a2fb7f190

PODFILE CHECKSUM: 1e95c36afbfd1cb6423ceca4de7a8e1b256fb6ac

COCOAPODS: 1.16.2
